
Microsoft Visual Studio Solution File, Format Version 12.00
# Visual Studio 2012
Project("{FAE04EC0-301F-11D3-BF4B-00C04F79EFBC}") = "WikiRecorder.Core", "WikiRecorder.Core\WikiRecorder.Core.csproj", "{9A4EF35F-31D7-4402-842D-80F1E28BCD6A}"
EndProject
Project("{FAE04EC0-301F-11D3-BF4B-00C04F79EFBC}") = "WikiRecorder.Core.Tests", "WikiRecorder.Core.Tests\WikiRecorder.Core.Tests.csproj", "{461E99E2-B736-4CE6-A1A5-CC55B9BA631C}"
EndProject
Project("{FAE04EC0-301F-11D3-BF4B-00C04F79EFBC}") = "WikiRecorder.Droid", "WikiRecorder.Droid\WikiRecorder.Droid.csproj", "{4C93FEDE-7DED-4F48-AB0E-291A97F8EA48}"
EndProject
Project("{FAE04EC0-301F-11D3-BF4B-00C04F79EFBC}") = "WikiRecorder.Droid.UITests", "WikiRecorder.Droid.UITests\WikiRecorder.Droid.UITests.csproj", "{827482B5-62D1-46AC-B18E-AEB5C4DA1A60}"
EndProject
Global
	GlobalSection(SolutionConfigurationPlatforms) = preSolution
		Debug|Any CPU = Debug|Any CPU
		Release|Any CPU = Release|Any CPU
	EndGlobalSection
	GlobalSection(ProjectConfigurationPlatforms) = postSolution
		{461E99E2-B736-4CE6-A1A5-CC55B9BA631C}.Debug|Any CPU.ActiveCfg = Debug|Any CPU
		{461E99E2-B736-4CE6-A1A5-CC55B9BA631C}.Debug|Any CPU.Build.0 = Debug|Any CPU
		{461E99E2-B736-4CE6-A1A5-CC55B9BA631C}.Release|Any CPU.ActiveCfg = Release|Any CPU
		{461E99E2-B736-4CE6-A1A5-CC55B9BA631C}.Release|Any CPU.Build.0 = Release|Any CPU
		{4C93FEDE-7DED-4F48-AB0E-291A97F8EA48}.Debug|Any CPU.ActiveCfg = Debug|Any CPU
		{4C93FEDE-7DED-4F48-AB0E-291A97F8EA48}.Debug|Any CPU.Build.0 = Debug|Any CPU
		{4C93FEDE-7DED-4F48-AB0E-291A97F8EA48}.Release|Any CPU.ActiveCfg = Release|Any CPU
		{4C93FEDE-7DED-4F48-AB0E-291A97F8EA48}.Release|Any CPU.Build.0 = Release|Any CPU
		{827482B5-62D1-46AC-B18E-AEB5C4DA1A60}.Debug|Any CPU.ActiveCfg = Debug|Any CPU
		{827482B5-62D1-46AC-B18E-AEB5C4DA1A60}.Debug|Any CPU.Build.0 = Debug|Any CPU
		{827482B5-62D1-46AC-B18E-AEB5C4DA1A60}.Release|Any CPU.ActiveCfg = Release|Any CPU
		{827482B5-62D1-46AC-B18E-AEB5C4DA1A60}.Release|Any CPU.Build.0 = Release|Any CPU
		{9A4EF35F-31D7-4402-842D-80F1E28BCD6A}.Debug|Any CPU.ActiveCfg = Debug|Any CPU
		{9A4EF35F-31D7-4402-842D-80F1E28BCD6A}.Debug|Any CPU.Build.0 = Debug|Any CPU
		{9A4EF35F-31D7-4402-842D-80F1E28BCD6A}.Release|Any CPU.ActiveCfg = Release|Any CPU
		{9A4EF35F-31D7-4402-842D-80F1E28BCD6A}.Release|Any CPU.Build.0 = Release|Any CPU
	EndGlobalSection
EndGlobal
